// !$*UTF8*$!
{
	archiveVersion = 1;
	classes = {
	};
	objectVersion = 46;
	objects = {

/* Begin PBXBuildFile section */
		5EEC3F8A1C3A6EB0003BD30A /* AppDelegate.swift in Sources */ = {isa = PBXBuildFile; fileRef = 5EEC3F891C3A6EB0003BD30A /* AppDelegate.swift */; };
		5EEC3F8C1C3A6EB0003BD30A /* GameScene.swift in Sources */ = {isa = PBXBuildFile; fileRef = 5EEC3F8B1C3A6EB0003BD30A /* GameScene.swift */; };
		5EEC3F8E1C3A6EB0003BD30A /* GameScene.sks in Resources */ = {isa = PBXBuildFile; fileRef = 5EEC3F8D1C3A6EB0003BD30A /* GameScene.sks */; };
		5EEC3F901C3A6EB0003BD30A /* Images.xcassets in Resources */ = {isa = PBXBuildFile; fileRef = 5EEC3F8F1C3A6EB0003BD30A /* Images.xcassets */; };
		5EEC3F931C3A6EB0003BD30A /* MainMenu.xib in Resources */ = {isa = PBXBuildFile; fileRef = 5EEC3F911C3A6EB0003BD30A /* MainMenu.xib */; };
		5EEC3F9F1C3A6EB0003BD30A /* Roly_Moly_repositoryTests.swift in Sources */ = {isa = PBXBuildFile; fileRef = 5EEC3F9E1C3A6EB0003BD30A /* Roly_Moly_repositoryTests.swift */; };
/* End PBXBuildFile section */

/* Begin PBXContainerItemProxy section */
		5EEC3F991C3A6EB0003BD30A /* PBXContainerItemProxy */ = {
			isa = PBXContainerItemProxy;
			containerPortal = 5EEC3F7C1C3A6EB0003BD30A /* Project object */;
			proxyType = 1;
			remoteGlobalIDString = 5EEC3F831C3A6EB0003BD30A;
			remoteInfo = "Roly Moly repository";
		};
/* End PBXContainerItemProxy section */

/* Begin PBXFileReference section */
		5EEC3F841C3A6EB0003BD30A /* Roly Moly repository.app */ = {isa = PBXFileReference; explicitFileType = wrapper.application; includeInIndex = 0; path = "Roly Moly repository.app"; sourceTree = BUILT_PRODUCTS_DIR; };
		5EEC3F881C3A6EB0003BD30A /* Info.plist */ = {isa = PBXFileReference; lastKnownFileType = text.plist.xml; path = Info.plist; sourceTree = "<group>"; };
		5EEC3F891C3A6EB0003BD30A /* AppDelegate.swift */ = {isa = PBXFileReference; lastKnownFileType = sourcecode.swift; path = AppDelegate.swift; sourceTree = "<group>"; };
		5EEC3F8B1C3A6EB0003BD30A /* GameScene.swift */ = {isa = PBXFileReference; lastKnownFileType = sourcecode.swift; path = GameScene.swift; sourceTree = "<group>"; };
		5EEC3F8D1C3A6EB0003BD30A /* GameScene.sks */ = {isa = PBXFileReference; lastKnownFileType = file.sks; path = GameScene.sks; sourceTree = "<group>"; };
		5EEC3F8F1C3A6EB0003BD30A /* Images.xcassets */ = {isa = PBXFileReference; lastKnownFileType = folder.assetcatalog; path = Images.xcassets; sourceTree = "<group>"; };
		5EEC3F921C3A6EB0003BD30A /* Base */ = {isa = PBXFileReference; lastKnownFileType = file.xib; name = Base; path = Base.lproj/MainMenu.xib; sourceTree = "<group>"; };
		5EEC3F981C3A6EB0003BD30A /* Roly Moly repositoryTests.xctest */ = {isa = PBXFileReference; explicitFileType = wrapper.cfbundle; includeInIndex = 0; path = "Roly Moly repositoryTests.xctest"; sourceTree = BUILT_PRODUCTS_DIR; };
		5EEC3F9D1C3A6EB0003BD30A /* Info.plist */ = {isa = PBXFileReference; lastKnownFileType = text.plist.xml; path = Info.plist; sourceTree = "<group>"; };
		5EEC3F9E1C3A6EB0003BD30A /* Roly_Moly_repositoryTests.swift */ = {isa = PBXFileReference; lastKnownFileType = sourcecode.swift; path = Roly_Moly_repositoryTests.swift; sourceTree = "<group>"; };
/* End PBXFileReference section */

/* Begin PBXFrameworksBuildPhase section */
		5EEC3F811C3A6EB0003BD30A /* Frameworks */ = {
			isa = PBXFrameworksBuildPhase;
			buildActionMask = 2147483647;
			files = (
			);
			runOnlyForDeploymentPostprocessing = 0;
		};
		5EEC3F951C3A6EB0003BD30A /* Frameworks */ = {
			isa = PBXFrameworksBuildPhase;
			buildActionMask = 2147483647;
			files = (
			);
			runOnlyForDeploymentPostprocessing = 0;
		};
/* End PBXFrameworksBuildPhase section */

/* Begin PBXGroup section */
		5EEC3F7B1C3A6EB0003BD30A = {
			isa = PBXGroup;
			children = (
				5EEC3F861C3A6EB0003BD30A /* Roly Moly repository */,
				5EEC3F9B1C3A6EB0003BD30A /* Roly Moly repositoryTests */,
				5EEC3F851C3A6EB0003BD30A /* Products */,
			);
			sourceTree = "<group>";
		};
		5EEC3F851C3A6EB0003BD30A /* Products */ = {
			isa = PBXGroup;
			children = (
				5EEC3F841C3A6EB0003BD30A /* Roly Moly repository.app */,
				5EEC3F981C3A6EB0003BD30A /* Roly Moly repositoryTests.xctest */,
			);
			name = Products;
			sourceTree = "<group>";
		};
		5EEC3F861C3A6EB0003BD30A /* Roly Moly repository */ = {
			isa = PBXGroup;
			children = (
				5EEC3F891C3A6EB0003BD30A /* AppDelegate.swift */,
				5EEC3F8B1C3A6EB0003BD30A /* GameScene.swift */,
				5EEC3F8D1C3A6EB0003BD30A /* GameScene.sks */,
				5EEC3F8F1C3A6EB0003BD30A /* Images.xcassets */,
				5EEC3F911C3A6EB0003BD30A /* MainMenu.xib */,
				5EEC3F871C3A6EB0003BD30A /* Supporting Files */,
			);
			path = "Roly Moly repository";
			sourceTree = "<group>";
		};
		5EEC3F871C3A6EB0003BD30A /* Supporting Files */ = {
			isa = PBXGroup;
			children = (
				5EEC3F881C3A6EB0003BD30A /* Info.plist */,
			);
			name = "Supporting Files";
			sourceTree = "<group>";
		};
		5EEC3F9B1C3A6EB0003BD30A /* Roly Moly repositoryTests */ = {
			isa = PBXGroup;
			children = (
				5EEC3F9E1C3A6EB0003BD30A /* Roly_Moly_repositoryTests.swift */,
				5EEC3F9C1C3A6EB0003BD30A /* Supporting Files */,
			);
			path = "Roly Moly repositoryTests";
			sourceTree = "<group>";
		};
		5EEC3F9C1C3A6EB0003BD30A /* Supporting Files */ = {
			isa = PBXGroup;
			children = (
				5EEC3F9D1C3A6EB0003BD30A /* Info.plist */,
			);
			name = "Supporting Files";
			sourceTree = "<group>";
		};
/* End PBXGroup section */

/* Begin PBXNativeTarget section */
		5EEC3F831C3A6EB0003BD30A /* Roly Moly repository */ = {
			isa = PBXNativeTarget;
			buildConfigurationList = 5EEC3FA21C3A6EB0003BD30A /* Build configuration list for PBXNativeTarget "Roly Moly repository" */;
			buildPhases = (
				5EEC3F801C3A6EB0003BD30A /* Sources */,
				5EEC3F811C3A6EB0003BD30A /* Frameworks */,
				5EEC3F821C3A6EB0003BD30A /* Resources */,
			);
			buildRules = (
			);
			dependencies = (
			);
			name = "Roly Moly repository";
			productName = "Roly Moly repository";
			productReference = 5EEC3F841C3A6EB0003BD30A /* Roly Moly repository.app */;
			productType = "com.apple.product-type.application";
		};
		5EEC3F971C3A6EB0003BD30A /* Roly Moly repositoryTests */ = {
			isa = PBXNativeTarget;
			buildConfigurationList = 5EEC3FA51C3A6EB0003BD30A /* Build configuration list for PBXNativeTarget "Roly Moly repositoryTests" */;
			buildPhases = (
				5EEC3F941C3A6EB0003BD30A /* Sources */,
				5EEC3F951C3A6EB0003BD30A /* Frameworks */,
				5EEC3F961C3A6EB0003BD30A /* Resources */,
			);
			buildRules = (
			);
			dependencies = (
				5EEC3F9A1C3A6EB0003BD30A /* PBXTargetDependency */,
			);
			name = "Roly Moly repositoryTests";
			productName = "Roly Moly repositoryTests";
			productReference = 5EEC3F981C3A6EB0003BD30A /* Roly Moly repositoryTests.xctest */;
			productType = "com.apple.product-type.bundle.unit-test";
		};
/* End PBXNativeTarget section */

/* Begin PBXProject section */
		5EEC3F7C1C3A6EB0003BD30A /* Project object */ = {
			isa = PBXProject;
			attributes = {
				LastUpgradeCheck = 0630;
				ORGANIZATIONNAME = Future;
				TargetAttributes = {
					5EEC3F831C3A6EB0003BD30A = {
						CreatedOnToolsVersion = 6.3.1;
					};
					5EEC3F971C3A6EB0003BD30A = {
						CreatedOnToolsVersion = 6.3.1;
						TestTargetID = 5EEC3F831C3A6EB0003BD30A;
					};
				};
			};
			buildConfigurationList = 5EEC3F7F1C3A6EB0003BD30A /* Build configuration list for PBXProject "Roly Moly repository" */;
			compatibilityVersion = "Xcode 3.2";
			developmentRegion = English;
			hasScannedForEncodings = 0;
			knownRegions = (
				en,
				Base,
			);
			mainGroup = 5EEC3F7B1C3A6EB0003BD30A;
			productRefGroup = 5EEC3F851C3A6EB0003BD30A /* Products */;
			projectDirPath = "";
			projectRoot = "";
			targets = (
				5EEC3F831C3A6EB0003BD30A /* Roly Moly repository */,
				5EEC3F971C3A6EB0003BD30A /* Roly Moly repositoryTests */,
			);
		};
/* End PBXProject section */

/* Begin PBXResourcesBuildPhase section */
		5EEC3F821C3A6EB0003BD30A /* Resources */ = {
			isa = PBXResourcesBuildPhase;
			buildActionMask = 2147483647;
			files = (
				5EEC3F8E1C3A6EB0003BD30A /* GameScene.sks in Resources */,
				5EEC3F901C3A6EB0003BD30A /* Images.xcassets in Resources */,
				5EEC3F931C3A6EB0003BD30A /* MainMenu.xib in Resources */,
			);
			runOnlyForDeploymentPostprocessing = 0;
		};
		5EEC3F961C3A6EB0003BD30A /* Resources */ = {
			isa = PBXResourcesBuildPhase;
			buildActionMask = 2147483647;
			files = (
			);
			runOnlyForDeploymentPostprocessing = 0;
		};
/* End PBXResourcesBuildPhase section */

/* Begin PBXSourcesBuildPhase section */
		5EEC3F801C3A6EB0003BD30A /* Sources */ = {
			isa = PBXSourcesBuildPhase;
			buildActionMask = 2147483647;
			files = (
				5EEC3F8C1C3A6EB0003BD30A /* GameScene.swift in Sources */,
				5EEC3F8A1C3A6EB0003BD30A /* AppDelegate.swift in Sources */,
			);
			runOnlyForDeploymentPostprocessing = 0;
		};
		5EEC3F941C3A6EB0003BD30A /* Sources */ = {
			isa = PBXSourcesBuildPhase;
			buildActionMask = 2147483647;
			files = (
				5EEC3F9F1C3A6EB0003BD30A /* Roly_Moly_repositoryTests.swift in Sources */,
			);
			runOnlyForDeploymentPostprocessing = 0;
		};
/* End PBXSourcesBuildPhase section */

/* Begin PBXTargetDependency section */
		5EEC3F9A1C3A6EB0003BD30A /* PBXTargetDependency */ = {
			isa = PBXTargetDependency;
			target = 5EEC3F831C3A6EB0003BD30A /* Roly Moly repository */;
			targetProxy = 5EEC3F991C3A6EB0003BD30A /* PBXContainerItemProxy */;
		};
/* End PBXTargetDependency section */

/* Begin PBXVariantGroup section */
		5EEC3F911C3A6EB0003BD30A /* MainMenu.xib */ = {
			isa = PBXVariantGroup;
			children = (
				5EEC3F921C3A6EB0003BD30A /* Base */,
			);
			name = MainMenu.xib;
			sourceTree = "<group>";
		};
/* End PBXVariantGroup section */

/* Begin XCBuildConfiguration section */
		5EEC3FA01C3A6EB0003BD30A /* Debug */ = {
			isa = XCBuildConfiguration;
			buildSettings = {
				ALWAYS_SEARCH_USER_PATHS = NO;
				CLANG_CXX_LANGUAGE_STANDARD = "gnu++0x";
				CLANG_CXX_LIBRARY = "libc++";
				CLANG_ENABLE_MODULES = YES;
				CLANG_ENABLE_OBJC_ARC = YES;
				CLANG_WARN_BOOL_CONVERSION = YES;
				CLANG_WARN_CONSTANT_CONVERSION = YES;
				CLANG_WARN_DIRECT_OBJC_ISA_USAGE = YES_ERROR;
				CLANG_WARN_EMPTY_BODY = YES;
				CLANG_WARN_ENUM_CONVERSION = YES;
				CLANG_WARN_INT_CONVERSION = YES;
				CLANG_WARN_OBJC_ROOT_CLASS = YES_ERROR;
				CLANG_WARN_UNREACHABLE_CODE = YES;
				CLANG_WARN__DUPLICATE_METHOD_MATCH = YES;
				CODE_SIGN_IDENTITY = "-";
				COPY_PHASE_STRIP = NO;
				DEBUG_INFORMATION_FORMAT = dwarf;
				ENABLE_STRICT_OBJC_MSGSEND = YES;
				GCC_C_LANGUAGE_STANDARD = gnu99;
				GCC_DYNAMIC_NO_PIC = NO;
				GCC_NO_COMMON_BLOCKS = YES;
				GCC_OPTIMIZATION_LEVEL = 0;
				GCC_PREPROCESSOR_DEFINITIONS = (
					"DEBUG=1",
					"$(inherited)",
				);
				GCC_SYMBOLS_PRIVATE_EXTERN = NO;
				GCC_WARN_64_TO_32_BIT_CONVERSION = YES;
				GCC_WARN_ABOUT_RETURN_TYPE = YES_ERROR;
				GCC_WARN_UNDECLARED_SELECTOR = YES;
				GCC_WARN_UNINITIALIZED_AUTOS = YES_AGGRESSIVE;
				GCC_WARN_UNUSED_FUNCTION = YES;
				GCC_WARN_UNUSED_VARIABLE = YES;
				MACOSX_DEPLOYMENT_TARGET = 10.10;
				MTL_ENABLE_DEBUG_INFO = YES;
				ONLY_ACTIVE_ARCH = YES;
				SDKROOT = macosx;
				SWIFT_OPTIMIZATION_LEVEL = "-Onone";
			};
			name = Debug;
		};
		5EEC3FA11C3A6EB0003BD30A /* Release */ = {
			isa = XCBuildConfiguration;
			buildSettings = {
				ALWAYS_SEARCH_USER_PATHS = NO;
				CLANG_CXX_LANGUAGE_STANDARD = "gnu++0x";
				CLANG_CXX_LIBRARY = "libc++";
				CLANG_ENABLE_MODULES = YES;
				CLANG_ENABLE_OBJC_ARC = YES;
				CLANG_WARN_BOOL_CONVERSION = YES;
				CLANG_WARN_CONSTANT_CONVERSION = YES;
				CLANG_WARN_DIRECT_OBJC_ISA_USAGE = YES_ERROR;
				CLANG_WARN_EMPTY_BODY = YES;
				CLANG_WARN_ENUM_CONVERSION = YES;
				CLANG_WARN_INT_CONVERSION = YES;
				CLANG_WARN_OBJC_ROOT_CLASS = YES_ERROR;
				CLANG_WARN_UNREACHABLE_CODE = YES;
				CLANG_WARN__DUPLICATE_METHOD_MATCH = YES;
				CODE_SIGN_IDENTITY = "-";
				COPY_PHASE_STRIP = NO;
				DEBUG_INFORMATION_FORMAT = "dwarf-with-dsym";
				ENABLE_NS_ASSERTIONS = NO;
				ENABLE_STRICT_OBJC_MSGSEND = YES;
				GCC_C_LANGUAGE_STANDARD = gnu99;
				GCC_NO_COMMON_BLOCKS = YES;
				GCC_WARN_64_TO_32_BIT_CONVERSION = YES;
				GCC_WARN_ABOUT_RETURN_TYPE = YES_ERROR;
				GCC_WARN_UNDECLARED_SELECTOR = YES;
				GCC_WARN_UNINITIALIZED_AUTOS = YES_AGGRESSIVE;
				GCC_WARN_UNUSED_FUNCTION = YES;
				GCC_WARN_UNUSED_VARIABLE = YES;
				MACOSX_DEPLOYMENT_TARGET = 10.10;
				MTL_ENABLE_DEBUG_INFO = NO;
				SDKROOT = macosx;
			};
			name = Release;
		};
		5EEC3FA31C3A6EB0003BD30A /* Debug */ = {
			isa = XCBuildConfiguration;
			buildSettings = {
				ASSETCATALOG_COMPILER_APPICON_NAME = AppIcon;
				COMBINE_HIDPI_IMAGES = YES;
				INFOPLIST_FILE = "Roly Moly repository/Info.plist";
				LD_RUNPATH_SEARCH_PATHS = "$(inherited) @executable_path/../Frameworks";
				PRODUCT_NAME = "$(TARGET_NAME)";
			};
			name = Debug;
		};
		5EEC3FA41C3A6EB0003BD30A /* Release */ = {
			isa = XCBuildConfiguration;
			buildSettings = {
				ASSETCATALOG_COMPILER_APPICON_NAME = AppIcon;
				COMBINE_HIDPI_IMAGES = YES;
				INFOPLIST_FILE = "Roly Moly repository/Info.plist";
				LD_RUNPATH_SEARCH_PATHS = "$(inherited) @executable_path/../Frameworks";
				PRODUCT_NAME = "$(TARGET_NAME)";
			};
			name = Release;
		};
		5EEC3FA61C3A6EB0003BD30A /* Debug */ = {
			isa = XCBuildConfiguration;
			buildSettings = {
				BUNDLE_LOADER = "$(TEST_HOST)";
				COMBINE_HIDPI_IMAGES = YES;
				FRAMEWORK_SEARCH_PATHS = (
					"$(DEVELOPER_FRAMEWORKS_DIR)",
					"$(inherited)",
				);
				GCC_PREPROCESSOR_DEFINITIONS = (
					"DEBUG=1",
					"$(inherited)",
				);
				INFOPLIST_FILE = "Roly Moly repositoryTests/Info.plist";
				LD_RUNPATH_SEARCH_PATHS = "$(inherited) @executable_path/../Frameworks @loader_path/../Frameworks";
				PRODUCT_NAME = "$(TARGET_NAME)";
				TEST_HOST = "$(BUILT_PRODUCTS_DIR)/Roly Moly repository.app/Contents/MacOS/Roly Moly repository";
			};
			name = Debug;
		};
		5EEC3FA71C3A6EB0003BD30A /* Release */ = {
			isa = XCBuildConfiguration;
			buildSettings = {
				BUNDLE_LOADER = "$(TEST_HOST)";
				COMBINE_HIDPI_IMAGES = YES;
				FRAMEWORK_SEARCH_PATHS = (
					"$(DEVELOPER_FRAMEWORKS_DIR)",
					"$(inherited)",
				);
				INFOPLIST_FILE = "Roly Moly repositoryTests/Info.plist";
				LD_RUNPATH_SEARCH_PATHS = "$(inherited) @executable_path/../Frameworks @loader_path/../Frameworks";
				PRODUCT_NAME = "$(TARGET_NAME)";
				TEST_HOST = "$(BUILT_PRODUCTS_DIR)/Roly Moly repository.app/Contents/MacOS/Roly Moly repository";
			};
			name = Release;
		};
/* End XCBuildConfiguration section */

/* Begin XCConfigurationList section */
		5EEC3F7F1C3A6EB0003BD30A /* Build configuration list for PBXProject "Roly Moly repository" */ = {
			isa = XCConfigurationList;
			buildConfigurations = (
				5EEC3FA01C3A6EB0003BD30A /* Debug */,
				5EEC3FA11C3A6EB0003BD30A /* Release */,
			);
			defaultConfigurationIsVisible = 0;
			defaultConfigurationName = Release;
		};
		5EEC3FA21C3A6EB0003BD30A /* Build configuration list for PBXNativeTarget "Roly Moly repository" */ = {
			isa = XCConfigurationList;
			buildConfigurations = (
				5EEC3FA31C3A6EB0003BD30A /* Debug */,
				5EEC3FA41C3A6EB0003BD30A /* Release */,
			);
			defaultConfigurationIsVisible = 0;
		};
		5EEC3FA51C3A6EB0003BD30A /* Build configuration list for PBXNativeTarget "Roly Moly repositoryTests" */ = {
			isa = XCConfigurationList;
			buildConfigurations = (
				5EEC3FA61C3A6EB0003BD30A /* Debug */,
				5EEC3FA71C3A6EB0003BD30A /* Release */,
			);
			defaultConfigurationIsVisible = 0;
		};
/* End XCConfigurationList section */
	};
	rootObject = 5EEC3F7C1C3A6EB0003BD30A /* Project object */;
}
